
Microsoft Visual Studio Solution File, Format Version 12.00
# Visual Studio Version 16
VisualStudioVersion = 16.0.36227.6
MinimumVisualStudioVersion = 10.0.40219.1
Project("{FAE04EC0-301F-11D3-BF4B-00C04F79EFBC}") = "crud_xamarin.UWP", "crud_xamarin.UWP\crud_xamarin.UWP.csproj", "{CE1BB131-5E3D-4F2B-9BB2-AA2559656E67}"
EndProject
Project("{FAE04EC0-301F-11D3-BF4B-00C04F79EFBC}") = "crud_xamarin.Android", "crud_xamarin.Android\crud_xamarin.Android.csproj", "{BD6ACA4A-E57B-45E3-9903-8F85D19F8619}"
EndProject
Project("{FAE04EC0-301F-11D3-BF4B-00C04F79EFBC}") = "crud_xamarin.iOS", "crud_xamarin.iOS\crud_xamarin.iOS.csproj", "{21D63D7E-40F7-4B93-B945-BC0209EC6296}"
EndProject
Project("{FAE04EC0-301F-11D3-BF4B-00C04F79EFBC}") = "crud_xamarin", "crud_xamarin\crud_xamarin.csproj", "{9685A2BD-24A6-4275-9CB4-EC8F5A78C544}"
EndProject
Global
	GlobalSection(SolutionConfigurationPlatforms) = preSolution
		Debug|Any CPU = Debug|Any CPU
		Debug|ARM = Debug|ARM
		Debug|iPhone = Debug|iPhone
		Debug|iPhoneSimulator = Debug|iPhoneSimulator
		Debug|x64 = Debug|x64
		Debug|x86 = Debug|x86
		Release|Any CPU = Release|Any CPU
		Release|ARM = Release|ARM
		Release|iPhone = Release|iPhone
		Release|iPhoneSimulator = Release|iPhoneSimulator
		Release|x64 = Release|x64
		Release|x86 = Release|x86
	EndGlobalSection
	GlobalSection(ProjectConfigurationPlatforms) = postSolution
		{CE1BB131-5E3D-4F2B-9BB2-AA2559656E67}.Debug|Any CPU.ActiveCfg = Debug|x86
		{CE1BB131-5E3D-4F2B-9BB2-AA2559656E67}.Debug|Any CPU.Build.0 = Debug|x86
		{CE1BB131-5E3D-4F2B-9BB2-AA2559656E67}.Debug|Any CPU.Deploy.0 = Debug|x86
		{CE1BB131-5E3D-4F2B-9BB2-AA2559656E67}.Debug|ARM.ActiveCfg = Debug|ARM
		{CE1BB131-5E3D-4F2B-9BB2-AA2559656E67}.Debug|ARM.Build.0 = Debug|ARM
		{CE1BB131-5E3D-4F2B-9BB2-AA2559656E67}.Debug|ARM.Deploy.0 = Debug|ARM
		{CE1BB131-5E3D-4F2B-9BB2-AA2559656E67}.Debug|iPhone.ActiveCfg = Debug|x86
		{CE1BB131-5E3D-4F2B-9BB2-AA2559656E67}.Debug|iPhone.Build.0 = Debug|x86
		{CE1BB131-5E3D-4F2B-9BB2-AA2559656E67}.Debug|iPhone.Deploy.0 = Debug|x86
		{CE1BB131-5E3D-4F2B-9BB2-AA2559656E67}.Debug|iPhoneSimulator.ActiveCfg = Debug|x86
		{CE1BB131-5E3D-4F2B-9BB2-AA2559656E67}.Debug|iPhoneSimulator.Build.0 = Debug|x86
		{CE1BB131-5E3D-4F2B-9BB2-AA2559656E67}.Debug|iPhoneSimulator.Deploy.0 = Debug|x86
		{CE1BB131-5E3D-4F2B-9BB2-AA2559656E67}.Debug|x64.ActiveCfg = Debug|x64
		{CE1BB131-5E3D-4F2B-9BB2-AA2559656E67}.Debug|x64.Build.0 = Debug|x64
		{CE1BB131-5E3D-4F2B-9BB2-AA2559656E67}.Debug|x64.Deploy.0 = Debug|x64
		{CE1BB131-5E3D-4F2B-9BB2-AA2559656E67}.Debug|x86.ActiveCfg = Debug|x86
		{CE1BB131-5E3D-4F2B-9BB2-AA2559656E67}.Debug|x86.Build.0 = Debug|x86
		{CE1BB131-5E3D-4F2B-9BB2-AA2559656E67}.Debug|x86.Deploy.0 = Debug|x86
		{CE1BB131-5E3D-4F2B-9BB2-AA2559656E67}.Release|Any CPU.ActiveCfg = Release|x86
		{CE1BB131-5E3D-4F2B-9BB2-AA2559656E67}.Release|Any CPU.Build.0 = Release|x86
		{CE1BB131-5E3D-4F2B-9BB2-AA2559656E67}.Release|Any CPU.Deploy.0 = Release|x86
		{CE1BB131-5E3D-4F2B-9BB2-AA2559656E67}.Release|ARM.ActiveCfg = Release|ARM
		{CE1BB131-5E3D-4F2B-9BB2-AA2559656E67}.Release|ARM.Build.0 = Release|ARM
		{CE1BB131-5E3D-4F2B-9BB2-AA2559656E67}.Release|ARM.Deploy.0 = Release|ARM
		{CE1BB131-5E3D-4F2B-9BB2-AA2559656E67}.Release|iPhone.ActiveCfg = Release|x86
		{CE1BB131-5E3D-4F2B-9BB2-AA2559656E67}.Release|iPhone.Build.0 = Release|x86
		{CE1BB131-5E3D-4F2B-9BB2-AA2559656E67}.Release|iPhone.Deploy.0 = Release|x86
		{CE1BB131-5E3D-4F2B-9BB2-AA2559656E67}.Release|iPhoneSimulator.ActiveCfg = Release|x86
		{CE1BB131-5E3D-4F2B-9BB2-AA2559656E67}.Release|iPhoneSimulator.Build.0 = Release|x86
		{CE1BB131-5E3D-4F2B-9BB2-AA2559656E67}.Release|iPhoneSimulator.Deploy.0 = Release|x86
		{CE1BB131-5E3D-4F2B-9BB2-AA2559656E67}.Release|x64.ActiveCfg = Release|x64
		{CE1BB131-5E3D-4F2B-9BB2-AA2559656E67}.Release|x64.Build.0 = Release|x64
		{CE1BB131-5E3D-4F2B-9BB2-AA2559656E67}.Release|x64.Deploy.0 = Release|x64
		{CE1BB131-5E3D-4F2B-9BB2-AA2559656E67}.Release|x86.ActiveCfg = Release|x86
		{CE1BB131-5E3D-4F2B-9BB2-AA2559656E67}.Release|x86.Build.0 = Release|x86
		{CE1BB131-5E3D-4F2B-9BB2-AA2559656E67}.Release|x86.Deploy.0 = Release|x86
		{BD6ACA4A-E57B-45E3-9903-8F85D19F8619}.Debug|Any CPU.ActiveCfg = Debug|Any CPU
		{BD6ACA4A-E57B-45E3-9903-8F85D19F8619}.Debug|Any CPU.Build.0 = Debug|Any CPU
		{BD6ACA4A-E57B-45E3-9903-8F85D19F8619}.Debug|Any CPU.Deploy.0 = Debug|Any CPU
		{BD6ACA4A-E57B-45E3-9903-8F85D19F8619}.Debug|ARM.ActiveCfg = Debug|Any CPU
		{BD6ACA4A-E57B-45E3-9903-8F85D19F8619}.Debug|ARM.Build.0 = Debug|Any CPU
		{BD6ACA4A-E57B-45E3-9903-8F85D19F8619}.Debug|ARM.Deploy.0 = Debug|Any CPU
		{BD6ACA4A-E57B-45E3-9903-8F85D19F8619}.Debug|iPhone.ActiveCfg = Debug|Any CPU
		{BD6ACA4A-E57B-45E3-9903-8F85D19F8619}.Debug|iPhone.Build.0 = Debug|Any CPU
		{BD6ACA4A-E57B-45E3-9903-8F85D19F8619}.Debug|iPhone.Deploy.0 = Debug|Any CPU
		{BD6ACA4A-E57B-45E3-9903-8F85D19F8619}.Debug|iPhoneSimulator.ActiveCfg = Debug|Any CPU
		{BD6ACA4A-E57B-45E3-9903-8F85D19F8619}.Debug|iPhoneSimulator.Build.0 = Debug|Any CPU
		{BD6ACA4A-E57B-45E3-9903-8F85D19F8619}.Debug|iPhoneSimulator.Deploy.0 = Debug|Any CPU
		{BD6ACA4A-E57B-45E3-9903-8F85D19F8619}.Debug|x64.ActiveCfg = Debug|Any CPU
		{BD6ACA4A-E57B-45E3-9903-8F85D19F8619}.Debug|x64.Build.0 = Debug|Any CPU
		{BD6ACA4A-E57B-45E3-9903-8F85D19F8619}.Debug|x64.Deploy.0 = Debug|Any CPU
		{BD6ACA4A-E57B-45E3-9903-8F85D19F8619}.Debug|x86.ActiveCfg = Debug|Any CPU
		{BD6ACA4A-E57B-45E3-9903-8F85D19F8619}.Debug|x86.Build.0 = Debug|Any CPU
		{BD6ACA4A-E57B-45E3-9903-8F85D19F8619}.Debug|x86.Deploy.0 = Debug|Any CPU
		{BD6ACA4A-E57B-45E3-9903-8F85D19F8619}.Release|Any CPU.ActiveCfg = Release|Any CPU
		{BD6ACA4A-E57B-45E3-9903-8F85D19F8619}.Release|Any CPU.Build.0 = Release|Any CPU
		{BD6ACA4A-E57B-45E3-9903-8F85D19F8619}.Release|Any CPU.Deploy.0 = Release|Any CPU
		{BD6ACA4A-E57B-45E3-9903-8F85D19F8619}.Release|ARM.ActiveCfg = Release|Any CPU
		{BD6ACA4A-E57B-45E3-9903-8F85D19F8619}.Release|ARM.Build.0 = Release|Any CPU
		{BD6ACA4A-E57B-45E3-9903-8F85D19F8619}.Release|ARM.Deploy.0 = Release|Any CPU
		{BD6ACA4A-E57B-45E3-9903-8F85D19F8619}.Release|iPhone.ActiveCfg = Release|Any CPU
		{BD6ACA4A-E57B-45E3-9903-8F85D19F8619}.Release|iPhone.Build.0 = Release|Any CPU
		{BD6ACA4A-E57B-45E3-9903-8F85D19F8619}.Release|iPhone.Deploy.0 = Release|Any CPU
		{BD6ACA4A-E57B-45E3-9903-8F85D19F8619}.Release|iPhoneSimulator.ActiveCfg = Release|Any CPU
		{BD6ACA4A-E57B-45E3-9903-8F85D19F8619}.Release|iPhoneSimulator.Build.0 = Release|Any CPU
		{BD6ACA4A-E57B-45E3-9903-8F85D19F8619}.Release|iPhoneSimulator.Deploy.0 = Release|Any CPU
		{BD6ACA4A-E57B-45E3-9903-8F85D19F8619}.Release|x64.ActiveCfg = Release|Any CPU
		{BD6ACA4A-E57B-45E3-9903-8F85D19F8619}.Release|x64.Build.0 = Release|Any CPU
		{BD6ACA4A-E57B-45E3-9903-8F85D19F8619}.Release|x64.Deploy.0 = Release|Any CPU
		{BD6ACA4A-E57B-45E3-9903-8F85D19F8619}.Release|x86.ActiveCfg = Release|Any CPU
		{BD6ACA4A-E57B-45E3-9903-8F85D19F8619}.Release|x86.Build.0 = Release|Any CPU
		{BD6ACA4A-E57B-45E3-9903-8F85D19F8619}.Release|x86.Deploy.0 = Release|Any CPU
		{21D63D7E-40F7-4B93-B945-BC0209EC6296}.Debug|Any CPU.ActiveCfg = Debug|iPhoneSimulator
		{21D63D7E-40F7-4B93-B945-BC0209EC6296}.Debug|Any CPU.Build.0 = Debug|iPhoneSimulator
		{21D63D7E-40F7-4B93-B945-BC0209EC6296}.Debug|Any CPU.Deploy.0 = Debug|iPhoneSimulator
		{21D63D7E-40F7-4B93-B945-BC0209EC6296}.Debug|ARM.ActiveCfg = Debug|iPhone
		{21D63D7E-40F7-4B93-B945-BC0209EC6296}.Debug|ARM.Build.0 = Debug|iPhone
		{21D63D7E-40F7-4B93-B945-BC0209EC6296}.Debug|ARM.Deploy.0 = Debug|iPhone
		{21D63D7E-40F7-4B93-B945-BC0209EC6296}.Debug|iPhone.ActiveCfg = Debug|iPhone
		{21D63D7E-40F7-4B93-B945-BC0209EC6296}.Debug|iPhone.Build.0 = Debug|iPhone
		{21D63D7E-40F7-4B93-B945-BC0209EC6296}.Debug|iPhone.Deploy.0 = Debug|iPhone
		{21D63D7E-40F7-4B93-B945-BC0209EC6296}.Debug|iPhoneSimulator.ActiveCfg = Debug|iPhoneSimulator
		{21D63D7E-40F7-4B93-B945-BC0209EC6296}.Debug|iPhoneSimulator.Build.0 = Debug|iPhoneSimulator
		{21D63D7E-40F7-4B93-B945-BC0209EC6296}.Debug|iPhoneSimulator.Deploy.0 = Debug|iPhoneSimulator
		{21D63D7E-40F7-4B93-B945-BC0209EC6296}.Debug|x64.ActiveCfg = Debug|iPhoneSimulator
		{21D63D7E-40F7-4B93-B945-BC0209EC6296}.Debug|x64.Build.0 = Debug|iPhoneSimulator
		{21D63D7E-40F7-4B93-B945-BC0209EC6296}.Debug|x64.Deploy.0 = Debug|iPhoneSimulator
		{21D63D7E-40F7-4B93-B945-BC0209EC6296}.Debug|x86.ActiveCfg = Debug|iPhoneSimulator
		{21D63D7E-40F7-4B93-B945-BC0209EC6296}.Debug|x86.Build.0 = Debug|iPhoneSimulator
		{21D63D7E-40F7-4B93-B945-BC0209EC6296}.Debug|x86.Deploy.0 = Debug|iPhoneSimulator
		{21D63D7E-40F7-4B93-B945-BC0209EC6296}.Release|Any CPU.ActiveCfg = Release|iPhoneSimulator
		{21D63D7E-40F7-4B93-B945-BC0209EC6296}.Release|Any CPU.Build.0 = Release|iPhoneSimulator
		{21D63D7E-40F7-4B93-B945-BC0209EC6296}.Release|Any CPU.Deploy.0 = Release|iPhoneSimulator
		{21D63D7E-40F7-4B93-B945-BC0209EC6296}.Release|ARM.ActiveCfg = Release|iPhoneSimulator
		{21D63D7E-40F7-4B93-B945-BC0209EC6296}.Release|ARM.Build.0 = Release|iPhoneSimulator
		{21D63D7E-40F7-4B93-B945-BC0209EC6296}.Release|ARM.Deploy.0 = Release|iPhoneSimulator
		{21D63D7E-40F7-4B93-B945-BC0209EC6296}.Release|iPhone.ActiveCfg = Release|iPhone
		{21D63D7E-40F7-4B93-B945-BC0209EC6296}.Release|iPhone.Build.0 = Release|iPhone
		{21D63D7E-40F7-4B93-B945-BC0209EC6296}.Release|iPhone.Deploy.0 = Release|iPhone
		{21D63D7E-40F7-4B93-B945-BC0209EC6296}.Release|iPhoneSimulator.ActiveCfg = Release|iPhoneSimulator
		{21D63D7E-40F7-4B93-B945-BC0209EC6296}.Release|iPhoneSimulator.Build.0 = Release|iPhoneSimulator
		{21D63D7E-40F7-4B93-B945-BC0209EC6296}.Release|iPhoneSimulator.Deploy.0 = Release|iPhoneSimulator
		{21D63D7E-40F7-4B93-B945-BC0209EC6296}.Release|x64.ActiveCfg = Release|iPhoneSimulator
		{21D63D7E-40F7-4B93-B945-BC0209EC6296}.Release|x64.Build.0 = Release|iPhoneSimulator
		{21D63D7E-40F7-4B93-B945-BC0209EC6296}.Release|x64.Deploy.0 = Release|iPhoneSimulator
		{21D63D7E-40F7-4B93-B945-BC0209EC6296}.Release|x86.ActiveCfg = Release|iPhoneSimulator
		{21D63D7E-40F7-4B93-B945-BC0209EC6296}.Release|x86.Build.0 = Release|iPhoneSimulator
		{21D63D7E-40F7-4B93-B945-BC0209EC6296}.Release|x86.Deploy.0 = Release|iPhoneSimulator
		{9685A2BD-24A6-4275-9CB4-EC8F5A78C544}.Debug|Any CPU.ActiveCfg = Debug|Any CPU
		{9685A2BD-24A6-4275-9CB4-EC8F5A78C544}.Debug|Any CPU.Build.0 = Debug|Any CPU
		{9685A2BD-24A6-4275-9CB4-EC8F5A78C544}.Debug|Any CPU.Deploy.0 = Debug|Any CPU
		{9685A2BD-24A6-4275-9CB4-EC8F5A78C544}.Debug|ARM.ActiveCfg = Debug|Any CPU
		{9685A2BD-24A6-4275-9CB4-EC8F5A78C544}.Debug|ARM.Build.0 = Debug|Any CPU
		{9685A2BD-24A6-4275-9CB4-EC8F5A78C544}.Debug|ARM.Deploy.0 = Debug|Any CPU
		{9685A2BD-24A6-4275-9CB4-EC8F5A78C544}.Debug|iPhone.ActiveCfg = Debug|Any CPU
		{9685A2BD-24A6-4275-9CB4-EC8F5A78C544}.Debug|iPhone.Build.0 = Debug|Any CPU
		{9685A2BD-24A6-4275-9CB4-EC8F5A78C544}.Debug|iPhone.Deploy.0 = Debug|Any CPU
		{9685A2BD-24A6-4275-9CB4-EC8F5A78C544}.Debug|iPhoneSimulator.ActiveCfg = Debug|Any CPU
		{9685A2BD-24A6-4275-9CB4-EC8F5A78C544}.Debug|iPhoneSimulator.Build.0 = Debug|Any CPU
		{9685A2BD-24A6-4275-9CB4-EC8F5A78C544}.Debug|iPhoneSimulator.Deploy.0 = Debug|Any CPU
		{9685A2BD-24A6-4275-9CB4-EC8F5A78C544}.Debug|x64.ActiveCfg = Debug|Any CPU
		{9685A2BD-24A6-4275-9CB4-EC8F5A78C544}.Debug|x64.Build.0 = Debug|Any CPU
		{9685A2BD-24A6-4275-9CB4-EC8F5A78C544}.Debug|x64.Deploy.0 = Debug|Any CPU
		{9685A2BD-24A6-4275-9CB4-EC8F5A78C544}.Debug|x86.ActiveCfg = Debug|Any CPU
		{9685A2BD-24A6-4275-9CB4-EC8F5A78C544}.Debug|x86.Build.0 = Debug|Any CPU
		{9685A2BD-24A6-4275-9CB4-EC8F5A78C544}.Debug|x86.Deploy.0 = Debug|Any CPU
		{9685A2BD-24A6-4275-9CB4-EC8F5A78C544}.Release|Any CPU.ActiveCfg = Release|Any CPU
		{9685A2BD-24A6-4275-9CB4-EC8F5A78C544}.Release|Any CPU.Build.0 = Release|Any CPU
		{9685A2BD-24A6-4275-9CB4-EC8F5A78C544}.Release|Any CPU.Deploy.0 = Release|Any CPU
		{9685A2BD-24A6-4275-9CB4-EC8F5A78C544}.Release|ARM.ActiveCfg = Release|Any CPU
		{9685A2BD-24A6-4275-9CB4-EC8F5A78C544}.Release|ARM.Build.0 = Release|Any CPU
		{9685A2BD-24A6-4275-9CB4-EC8F5A78C544}.Release|ARM.Deploy.0 = Release|Any CPU
		{9685A2BD-24A6-4275-9CB4-EC8F5A78C544}.Release|iPhone.ActiveCfg = Release|Any CPU
		{9685A2BD-24A6-4275-9CB4-EC8F5A78C544}.Release|iPhone.Build.0 = Release|Any CPU
		{9685A2BD-24A6-4275-9CB4-EC8F5A78C544}.Release|iPhone.Deploy.0 = Release|Any CPU
		{9685A2BD-24A6-4275-9CB4-EC8F5A78C544}.Release|iPhoneSimulator.ActiveCfg = Release|Any CPU
		{9685A2BD-24A6-4275-9CB4-EC8F5A78C544}.Release|iPhoneSimulator.Build.0 = Release|Any CPU
		{9685A2BD-24A6-4275-9CB4-EC8F5A78C544}.Release|iPhoneSimulator.Deploy.0 = Release|Any CPU
		{9685A2BD-24A6-4275-9CB4-EC8F5A78C544}.Release|x64.ActiveCfg = Release|Any CPU
		{9685A2BD-24A6-4275-9CB4-EC8F5A78C544}.Release|x64.Build.0 = Release|Any CPU
		{9685A2BD-24A6-4275-9CB4-EC8F5A78C544}.Release|x64.Deploy.0 = Release|Any CPU
		{9685A2BD-24A6-4275-9CB4-EC8F5A78C544}.Release|x86.ActiveCfg = Release|Any CPU
		{9685A2BD-24A6-4275-9CB4-EC8F5A78C544}.Release|x86.Build.0 = Release|Any CPU
		{9685A2BD-24A6-4275-9CB4-EC8F5A78C544}.Release|x86.Deploy.0 = Release|Any CPU
	EndGlobalSection
	GlobalSection(SolutionProperties) = preSolution
		HideSolutionNode = FALSE
	EndGlobalSection
	GlobalSection(ExtensibilityGlobals) = postSolution
		SolutionGuid = {9CD2C409-7088-4C4A-9BF1-EC8178356841}
	EndGlobalSection
EndGlobal
